
Microsoft Visual Studio Solution File, Format Version 12.00
# Visual Studio Version 17
VisualStudioVersion = 17.8.34511.84
MinimumVisualStudioVersion = 10.0.40219.1
Project("{FAE04EC0-301F-11D3-BF4B-00C04F79EFBC}") = "zad3", "zad3.csproj", "{0AE42610-D7FE-460C-A9DD-540FC4784331}"
EndProject
Global
	GlobalSection(SolutionConfigurationPlatforms) = preSolution
		Debug|Any CPU = Debug|Any CPU
		Release|Any CPU = Release|Any CPU
	EndGlobalSection
	GlobalSection(ProjectConfigurationPlatforms) = postSolution
		{0AE42610-D7FE-460C-A9DD-540FC4784331}.Debug|Any CPU.ActiveCfg = Debug|Any CPU
		{0AE42610-D7FE-460C-A9DD-540FC4784331}.Debug|Any CPU.Build.0 = Debug|Any CPU
		{0AE42610-D7FE-460C-A9DD-540FC4784331}.Release|Any CPU.ActiveCfg = Release|Any CPU
		{0AE42610-D7FE-460C-A9DD-540FC4784331}.Release|Any CPU.Build.0 = Release|Any CPU
	EndGlobalSection
	GlobalSection(SolutionProperties) = preSolution
		HideSolutionNode = FALSE
	EndGlobalSection
	GlobalSection(ExtensibilityGlobals) = postSolution
		SolutionGuid = {B7B9CB1D-389F-4386-9373-B30F5CCEBD0F}
	EndGlobalSection
EndGlobal
