
Microsoft Visual Studio Solution File, Format Version 12.00
# Visual Studio Version 17
VisualStudioVersion = 17.13.35919.96 d17.13
MinimumVisualStudioVersion = 10.0.40219.1
Project("{FAE04EC0-301F-11D3-BF4B-00C04F79EFBC}") = "zad3", "zad3.csproj", "{A78D5082-B30A-4D88-B7E1-A3D05B3C32C5}"
EndProject
Global
	GlobalSection(SolutionConfigurationPlatforms) = preSolution
		Debug|Any CPU = Debug|Any CPU
		Release|Any CPU = Release|Any CPU
	EndGlobalSection
	GlobalSection(ProjectConfigurationPlatforms) = postSolution
		{A78D5082-B30A-4D88-B7E1-A3D05B3C32C5}.Debug|Any CPU.ActiveCfg = Debug|Any CPU
		{A78D5082-B30A-4D88-B7E1-A3D05B3C32C5}.Debug|Any CPU.Build.0 = Debug|Any CPU
		{A78D5082-B30A-4D88-B7E1-A3D05B3C32C5}.Release|Any CPU.ActiveCfg = Release|Any CPU
		{A78D5082-B30A-4D88-B7E1-A3D05B3C32C5}.Release|Any CPU.Build.0 = Release|Any CPU
	EndGlobalSection
	GlobalSection(SolutionProperties) = preSolution
		HideSolutionNode = FALSE
	EndGlobalSection
	GlobalSection(ExtensibilityGlobals) = postSolution
		SolutionGuid = {4A095CF7-E899-41D0-9FCF-565332D1BEEA}
	EndGlobalSection
EndGlobal
