
Microsoft Visual Studio Solution File, Format Version 12.00
# Visual Studio Version 17
VisualStudioVersion = 17.8.34511.84
MinimumVisualStudioVersion = 10.0.40219.1
Project("{FAE04EC0-301F-11D3-BF4B-00C04F79EFBC}") = "zad7", "zad7.csproj", "{22463924-A4F2-4277-B5F7-6171FE815DF7}"
EndProject
Global
	GlobalSection(SolutionConfigurationPlatforms) = preSolution
		Debug|Any CPU = Debug|Any CPU
		Release|Any CPU = Release|Any CPU
	EndGlobalSection
	GlobalSection(ProjectConfigurationPlatforms) = postSolution
		{22463924-A4F2-4277-B5F7-6171FE815DF7}.Debug|Any CPU.ActiveCfg = Debug|Any CPU
		{22463924-A4F2-4277-B5F7-6171FE815DF7}.Debug|Any CPU.Build.0 = Debug|Any CPU
		{22463924-A4F2-4277-B5F7-6171FE815DF7}.Release|Any CPU.ActiveCfg = Release|Any CPU
		{22463924-A4F2-4277-B5F7-6171FE815DF7}.Release|Any CPU.Build.0 = Release|Any CPU
	EndGlobalSection
	GlobalSection(SolutionProperties) = preSolution
		HideSolutionNode = FALSE
	EndGlobalSection
	GlobalSection(ExtensibilityGlobals) = postSolution
		SolutionGuid = {A0165423-BC91-4002-A604-B34098B9A8DA}
	EndGlobalSection
EndGlobal
