
Microsoft Visual Studio Solution File, Format Version 12.00
# Visual Studio Version 17
VisualStudioVersion = 17.13.35919.96 d17.13
MinimumVisualStudioVersion = 10.0.40219.1
Project("{FAE04EC0-301F-11D3-BF4B-00C04F79EFBC}") = "zad1", "zad1.csproj", "{A98C5DFA-4114-4883-BDC9-33413F6CB004}"
EndProject
Global
	GlobalSection(SolutionConfigurationPlatforms) = preSolution
		Debug|Any CPU = Debug|Any CPU
		Release|Any CPU = Release|Any CPU
	EndGlobalSection
	GlobalSection(ProjectConfigurationPlatforms) = postSolution
		{A98C5DFA-4114-4883-BDC9-33413F6CB004}.Debug|Any CPU.ActiveCfg = Debug|Any CPU
		{A98C5DFA-4114-4883-BDC9-33413F6CB004}.Debug|Any CPU.Build.0 = Debug|Any CPU
		{A98C5DFA-4114-4883-BDC9-33413F6CB004}.Release|Any CPU.ActiveCfg = Release|Any CPU
		{A98C5DFA-4114-4883-BDC9-33413F6CB004}.Release|Any CPU.Build.0 = Release|Any CPU
	EndGlobalSection
	GlobalSection(SolutionProperties) = preSolution
		HideSolutionNode = FALSE
	EndGlobalSection
	GlobalSection(ExtensibilityGlobals) = postSolution
		SolutionGuid = {FB4518A5-A0B4-4971-8028-965E5CCF8367}
	EndGlobalSection
EndGlobal
