
Microsoft Visual Studio Solution File, Format Version 12.00
# Visual Studio Version 17
VisualStudioVersion = 17.11.35312.102
MinimumVisualStudioVersion = 10.0.40219.1
Project("{FAE04EC0-301F-11D3-BF4B-00C04F79EFBC}") = "zad13", "zad13\zad13.csproj", "{5B20577D-35DB-4E8E-8383-141C4518AC0F}"
EndProject
Global
	GlobalSection(SolutionConfigurationPlatforms) = preSolution
		Debug|Any CPU = Debug|Any CPU
		Release|Any CPU = Release|Any CPU
	EndGlobalSection
	GlobalSection(ProjectConfigurationPlatforms) = postSolution
		{5B20577D-35DB-4E8E-8383-141C4518AC0F}.Debug|Any CPU.ActiveCfg = Debug|Any CPU
		{5B20577D-35DB-4E8E-8383-141C4518AC0F}.Debug|Any CPU.Build.0 = Debug|Any CPU
		{5B20577D-35DB-4E8E-8383-141C4518AC0F}.Release|Any CPU.ActiveCfg = Release|Any CPU
		{5B20577D-35DB-4E8E-8383-141C4518AC0F}.Release|Any CPU.Build.0 = Release|Any CPU
	EndGlobalSection
	GlobalSection(SolutionProperties) = preSolution
		HideSolutionNode = FALSE
	EndGlobalSection
	GlobalSection(ExtensibilityGlobals) = postSolution
		SolutionGuid = {C3ADB895-9748-44C6-B709-0B0557DA4478}
	EndGlobalSection
EndGlobal
