
Microsoft Visual Studio Solution File, Format Version 12.00
# Visual Studio Version 17
VisualStudioVersion = 17.11.35312.102
MinimumVisualStudioVersion = 10.0.40219.1
Project("{FAE04EC0-301F-11D3-BF4B-00C04F79EFBC}") = "zad4 timer", "zad4 timer.csproj", "{4D269FAA-00A8-40FD-8EA2-9F93BBAB5D79}"
EndProject
Global
	GlobalSection(SolutionConfigurationPlatforms) = preSolution
		Debug|Any CPU = Debug|Any CPU
		Release|Any CPU = Release|Any CPU
	EndGlobalSection
	GlobalSection(ProjectConfigurationPlatforms) = postSolution
		{4D269FAA-00A8-40FD-8EA2-9F93BBAB5D79}.Debug|Any CPU.ActiveCfg = Debug|Any CPU
		{4D269FAA-00A8-40FD-8EA2-9F93BBAB5D79}.Debug|Any CPU.Build.0 = Debug|Any CPU
		{4D269FAA-00A8-40FD-8EA2-9F93BBAB5D79}.Release|Any CPU.ActiveCfg = Release|Any CPU
		{4D269FAA-00A8-40FD-8EA2-9F93BBAB5D79}.Release|Any CPU.Build.0 = Release|Any CPU
	EndGlobalSection
	GlobalSection(SolutionProperties) = preSolution
		HideSolutionNode = FALSE
	EndGlobalSection
	GlobalSection(ExtensibilityGlobals) = postSolution
		SolutionGuid = {C6957A57-71F8-4B89-BE73-135311C0435A}
	EndGlobalSection
EndGlobal
