
Microsoft Visual Studio Solution File, Format Version 12.00
# Visual Studio Version 17
VisualStudioVersion = 17.13.35919.96 d17.13
MinimumVisualStudioVersion = 10.0.40219.1
Project("{FAE04EC0-301F-11D3-BF4B-00C04F79EFBC}") = "zad3", "zad3.csproj", "{02CFB292-05A4-4321-8AF8-9FBFABF91C02}"
EndProject
Global
	GlobalSection(SolutionConfigurationPlatforms) = preSolution
		Debug|Any CPU = Debug|Any CPU
		Release|Any CPU = Release|Any CPU
	EndGlobalSection
	GlobalSection(ProjectConfigurationPlatforms) = postSolution
		{02CFB292-05A4-4321-8AF8-9FBFABF91C02}.Debug|Any CPU.ActiveCfg = Debug|Any CPU
		{02CFB292-05A4-4321-8AF8-9FBFABF91C02}.Debug|Any CPU.Build.0 = Debug|Any CPU
		{02CFB292-05A4-4321-8AF8-9FBFABF91C02}.Release|Any CPU.ActiveCfg = Release|Any CPU
		{02CFB292-05A4-4321-8AF8-9FBFABF91C02}.Release|Any CPU.Build.0 = Release|Any CPU
	EndGlobalSection
	GlobalSection(SolutionProperties) = preSolution
		HideSolutionNode = FALSE
	EndGlobalSection
	GlobalSection(ExtensibilityGlobals) = postSolution
		SolutionGuid = {B950DEED-4D18-40D7-B076-66AE068BA289}
	EndGlobalSection
EndGlobal
