
Microsoft Visual Studio Solution File, Format Version 12.00
# Visual Studio Version 17
VisualStudioVersion = 17.8.34511.84
MinimumVisualStudioVersion = 10.0.40219.1
Project("{FAE04EC0-301F-11D3-BF4B-00C04F79EFBC}") = "zad1", "zad1.csproj", "{AAB0317C-F69C-4297-B9B0-B59E80C3EB45}"
EndProject
Global
	GlobalSection(SolutionConfigurationPlatforms) = preSolution
		Debug|Any CPU = Debug|Any CPU
		Release|Any CPU = Release|Any CPU
	EndGlobalSection
	GlobalSection(ProjectConfigurationPlatforms) = postSolution
		{AAB0317C-F69C-4297-B9B0-B59E80C3EB45}.Debug|Any CPU.ActiveCfg = Debug|Any CPU
		{AAB0317C-F69C-4297-B9B0-B59E80C3EB45}.Debug|Any CPU.Build.0 = Debug|Any CPU
		{AAB0317C-F69C-4297-B9B0-B59E80C3EB45}.Release|Any CPU.ActiveCfg = Release|Any CPU
		{AAB0317C-F69C-4297-B9B0-B59E80C3EB45}.Release|Any CPU.Build.0 = Release|Any CPU
	EndGlobalSection
	GlobalSection(SolutionProperties) = preSolution
		HideSolutionNode = FALSE
	EndGlobalSection
	GlobalSection(ExtensibilityGlobals) = postSolution
		SolutionGuid = {FF7B58AC-50D8-4F43-944D-9C4BDC65A845}
	EndGlobalSection
EndGlobal
